
Microsoft Visual Studio Solution File, Format Version 12.00
# Visual Studio Version 17
VisualStudioVersion = 17.6.33801.468
MinimumVisualStudioVersion = 10.0.40219.1
Project("{9A19103F-16F7-4668-BE54-9A1E7A4F7556}") = "EventHorizonBackend", "WebApplication1\EventHorizonBackend.csproj", "{1B3659EF-12EE-4A0E-8827-8D7869C64DE3}"
EndProject
Project("{FAE04EC0-301F-11D3-BF4B-00C04F79EFBC}") = "UnitTests", "UnitTests\UnitTests.csproj", "{5D7731C2-BDCB-46F0-9564-CE4D72A0FAA5}"
EndProject
Global
	GlobalSection(SolutionConfigurationPlatforms) = preSolution
		Debug|Any CPU = Debug|Any CPU
		Release|Any CPU = Release|Any CPU
	EndGlobalSection
	GlobalSection(ProjectConfigurationPlatforms) = postSolution
		{1B3659EF-12EE-4A0E-8827-8D7869C64DE3}.Debug|Any CPU.ActiveCfg = Debug|Any CPU
		{1B3659EF-12EE-4A0E-8827-8D7869C64DE3}.Debug|Any CPU.Build.0 = Debug|Any CPU
		{1B3659EF-12EE-4A0E-8827-8D7869C64DE3}.Release|Any CPU.ActiveCfg = Release|Any CPU
		{1B3659EF-12EE-4A0E-8827-8D7869C64DE3}.Release|Any CPU.Build.0 = Release|Any CPU
		{5D7731C2-BDCB-46F0-9564-CE4D72A0FAA5}.Debug|Any CPU.ActiveCfg = Debug|Any CPU
		{5D7731C2-BDCB-46F0-9564-CE4D72A0FAA5}.Debug|Any CPU.Build.0 = Debug|Any CPU
		{5D7731C2-BDCB-46F0-9564-CE4D72A0FAA5}.Release|Any CPU.ActiveCfg = Release|Any CPU
		{5D7731C2-BDCB-46F0-9564-CE4D72A0FAA5}.Release|Any CPU.Build.0 = Release|Any CPU
	EndGlobalSection
	GlobalSection(SolutionProperties) = preSolution
		HideSolutionNode = FALSE
	EndGlobalSection
	GlobalSection(ExtensibilityGlobals) = postSolution
		SolutionGuid = {2CD00C25-8427-4802-9FFF-015C35B79454}
	EndGlobalSection
EndGlobal
